
Microsoft Visual Studio Solution File, Format Version 12.00
# Visual Studio Version 17
VisualStudioVersion = 17.9.34511.98
MinimumVisualStudioVersion = 10.0.40219.1
Project("{FAE04EC0-301F-11D3-BF4B-00C04F79EFBC}") = "Intro", "Intro\Intro.csproj", "{990A4B67-F7E6-4A01-AC7E-224F4ACA77BD}"
EndProject
Global
	GlobalSection(SolutionConfigurationPlatforms) = preSolution
		Debug|Any CPU = Debug|Any CPU
		Release|Any CPU = Release|Any CPU
	EndGlobalSection
	GlobalSection(ProjectConfigurationPlatforms) = postSolution
		{990A4B67-F7E6-4A01-AC7E-224F4ACA77BD}.Debug|Any CPU.ActiveCfg = Debug|Any CPU
		{990A4B67-F7E6-4A01-AC7E-224F4ACA77BD}.Debug|Any CPU.Build.0 = Debug|Any CPU
		{990A4B67-F7E6-4A01-AC7E-224F4ACA77BD}.Release|Any CPU.ActiveCfg = Release|Any CPU
		{990A4B67-F7E6-4A01-AC7E-224F4ACA77BD}.Release|Any CPU.Build.0 = Release|Any CPU
	EndGlobalSection
	GlobalSection(SolutionProperties) = preSolution
		HideSolutionNode = FALSE
	EndGlobalSection
	GlobalSection(ExtensibilityGlobals) = postSolution
		SolutionGuid = {B6D735FD-1EFA-4752-BAD8-8D43B212BD96}
	EndGlobalSection
EndGlobal
